// !$*UTF8*$!
{
	archiveVersion = 1;
	classes = {
	};
	objectVersion = 46;
	objects = {

/* Begin PBXBuildFile section */
		1F02753B1DCEA8260037D5A1 /* AppDelegate.swift in Sources */ = {isa = PBXBuildFile; fileRef = 1F02753A1DCEA8260037D5A1 /* AppDelegate.swift */; };
		1F02753D1DCEA8260037D5A1 /* ViewController.swift in Sources */ = {isa = PBXBuildFile; fileRef = 1F02753C1DCEA8260037D5A1 /* ViewController.swift */; };
		1F0275431DCEA8260037D5A1 /* Olympiad_Swift.xcdatamodeld in Sources */ = {isa = PBXBuildFile; fileRef = 1F0275411DCEA8260037D5A1 /* Olympiad_Swift.xcdatamodeld */; };
		1F0275451DCEA8260037D5A1 /* Assets.xcassets in Resources */ = {isa = PBXBuildFile; fileRef = 1F0275441DCEA8260037D5A1 /* Assets.xcassets */; };
		1F0275481DCEA8260037D5A1 /* LaunchScreen.storyboard in Resources */ = {isa = PBXBuildFile; fileRef = 1F0275461DCEA8260037D5A1 /* LaunchScreen.storyboard */; };
		1F4FF6E71DED506600AB949A /* PlaceViewController.swift in Sources */ = {isa = PBXBuildFile; fileRef = 1F4FF6E61DED506600AB949A /* PlaceViewController.swift */; };
		1F5083431DEFEC0700FE3104 /* TableViewCell.swift in Sources */ = {isa = PBXBuildFile; fileRef = 1F5083411DEFEC0700FE3104 /* TableViewCell.swift */; };
		1F5484961DFBE30000110E7B /* GoogleService-Info.plist in Resources */ = {isa = PBXBuildFile; fileRef = 1F5484951DFBE30000110E7B /* GoogleService-Info.plist */; };
		1F5BF77A1DEE2D2000C1470B /* SearchViewController.swift in Sources */ = {isa = PBXBuildFile; fileRef = 1F5BF7791DEE2D2000C1470B /* SearchViewController.swift */; };
		1F5BF77C1DEE4E7D00C1470B /* User.swift in Sources */ = {isa = PBXBuildFile; fileRef = 1F5BF77B1DEE4E7D00C1470B /* User.swift */; };
		1FD780EE1DF28288007A8006 /* UserProfileViewController.swift in Sources */ = {isa = PBXBuildFile; fileRef = 1FD780ED1DF28288007A8006 /* UserProfileViewController.swift */; };
		1FE3EB841E00D20700B08841 /* ChatViewController.swift in Sources */ = {isa = PBXBuildFile; fileRef = 1FE3EB831E00D20700B08841 /* ChatViewController.swift */; };
		1FE3EB861E00D7E000B08841 /* Constants.swift in Sources */ = {isa = PBXBuildFile; fileRef = 1FE3EB851E00D7E000B08841 /* Constants.swift */; };
		1FE3EB881E00D85000B08841 /* AppState.swift in Sources */ = {isa = PBXBuildFile; fileRef = 1FE3EB871E00D85000B08841 /* AppState.swift */; };
		7E3A391E65B9A2DD7F6CFBCE /* Pods_Olympiad_Swift.framework in Frameworks */ = {isa = PBXBuildFile; fileRef = 7A86E72A29090606BE4E075E /* Pods_Olympiad_Swift.framework */; };
		B045DD261DFB8F0300E15F13 /* RegisterAViewController.swift in Sources */ = {isa = PBXBuildFile; fileRef = B045DD251DFB8F0300E15F13 /* RegisterAViewController.swift */; };
		B045DD281DFB8F1F00E15F13 /* RegisterBViewController.swift in Sources */ = {isa = PBXBuildFile; fileRef = B045DD271DFB8F1F00E15F13 /* RegisterBViewController.swift */; };
		B045DD2B1DFBADCE00E15F13 /* app_background.png in Resources */ = {isa = PBXBuildFile; fileRef = B045DD291DFBADCE00E15F13 /* app_background.png */; };
		B045DD2C1DFBADCE00E15F13 /* app_logo.png in Resources */ = {isa = PBXBuildFile; fileRef = B045DD2A1DFBADCE00E15F13 /* app_logo.png */; };
		B045DD2E1DFCC29F00E15F13 /* CoreLocation.framework in Frameworks */ = {isa = PBXBuildFile; fileRef = B045DD2D1DFCC29F00E15F13 /* CoreLocation.framework */; };
		B09606771DFE5E780062B75F /* Main.storyboard in Resources */ = {isa = PBXBuildFile; fileRef = B09606761DFE5E780062B75F /* Main.storyboard */; };
		B0E2F0A71DEA9F9600D4E5A3 /* Olympiad_SwiftTests.swift in Sources */ = {isa = PBXBuildFile; fileRef = B0E2F0A61DEA9F9600D4E5A3 /* Olympiad_SwiftTests.swift */; };
		B0E2F0B51DEA9F9E00D4E5A3 /* Olympiad_SwiftUITests.swift in Sources */ = {isa = PBXBuildFile; fileRef = B0E2F0B41DEA9F9E00D4E5A3 /* Olympiad_SwiftUITests.swift */; };
		B0F5DCC71DE51E05001A18D3 /* EditAViewController.swift in Sources */ = {isa = PBXBuildFile; fileRef = B0F5DCC61DE51E04001A18D3 /* EditAViewController.swift */; };
		B0F5DCC91DE51E2A001A18D3 /* EditBViewController.swift in Sources */ = {isa = PBXBuildFile; fileRef = B0F5DCC81DE51E2A001A18D3 /* EditBViewController.swift */; };
		B0F5DCCB1DE51E38001A18D3 /* ProfileViewController.swift in Sources */ = {isa = PBXBuildFile; fileRef = B0F5DCCA1DE51E38001A18D3 /* ProfileViewController.swift */; };
/* End PBXBuildFile section */

/* Begin PBXContainerItemProxy section */
		B0E2F0A91DEA9F9600D4E5A3 /* PBXContainerItemProxy */ = {
			isa = PBXContainerItemProxy;
			containerPortal = 1F02752F1DCEA8260037D5A1 /* Project object */;
			proxyType = 1;
			remoteGlobalIDString = 1F0275361DCEA8260037D5A1;
			remoteInfo = Olympiad_Swift;
		};
		B0E2F0B71DEA9F9E00D4E5A3 /* PBXContainerItemProxy */ = {
			isa = PBXContainerItemProxy;
			containerPortal = 1F02752F1DCEA8260037D5A1 /* Project object */;
			proxyType = 1;
			remoteGlobalIDString = 1F0275361DCEA8260037D5A1;
			remoteInfo = Olympiad_Swift;
		};
/* End PBXContainerItemProxy section */

/* Begin PBXFileReference section */
		00BCA9E4830CBA8F5F07957F /* Pods-Olympiad_Swift.debug.xcconfig */ = {isa = PBXFileReference; includeInIndex = 1; lastKnownFileType = text.xcconfig; name = "Pods-Olympiad_Swift.debug.xcconfig"; path = "Pods/Target Support Files/Pods-Olympiad_Swift/Pods-Olympiad_Swift.debug.xcconfig"; sourceTree = "<group>"; };
		1F0275371DCEA8260037D5A1 /* Olympiad_Swift.app */ = {isa = PBXFileReference; explicitFileType = wrapper.application; includeInIndex = 0; path = Olympiad_Swift.app; sourceTree = BUILT_PRODUCTS_DIR; };
		1F02753A1DCEA8260037D5A1 /* AppDelegate.swift */ = {isa = PBXFileReference; lastKnownFileType = sourcecode.swift; path = AppDelegate.swift; sourceTree = "<group>"; };
		1F02753C1DCEA8260037D5A1 /* ViewController.swift */ = {isa = PBXFileReference; lastKnownFileType = sourcecode.swift; path = ViewController.swift; sourceTree = "<group>"; };
		1F0275421DCEA8260037D5A1 /* Olympiad_Swift.xcdatamodel */ = {isa = PBXFileReference; lastKnownFileType = wrapper.xcdatamodel; path = Olympiad_Swift.xcdatamodel; sourceTree = "<group>"; };
		1F0275441DCEA8260037D5A1 /* Assets.xcassets */ = {isa = PBXFileReference; lastKnownFileType = folder.assetcatalog; path = Assets.xcassets; sourceTree = "<group>"; };
		1F0275471DCEA8260037D5A1 /* Base */ = {isa = PBXFileReference; lastKnownFileType = file.storyboard; name = Base; path = Base.lproj/LaunchScreen.storyboard; sourceTree = "<group>"; };
		1F0275491DCEA8260037D5A1 /* Info.plist */ = {isa = PBXFileReference; lastKnownFileType = text.plist.xml; path = Info.plist; sourceTree = "<group>"; };
		1F365A8B1DD421BA00BE2FFC /* Olympiad_Swift.entitlements */ = {isa = PBXFileReference; lastKnownFileType = text.plist.entitlements; path = Olympiad_Swift.entitlements; sourceTree = "<group>"; };
		1F4FF6E61DED506600AB949A /* PlaceViewController.swift */ = {isa = PBXFileReference; fileEncoding = 4; lastKnownFileType = sourcecode.swift; name = PlaceViewController.swift; path = ../PlaceViewController.swift; sourceTree = "<group>"; };
		1F5083411DEFEC0700FE3104 /* TableViewCell.swift */ = {isa = PBXFileReference; fileEncoding = 4; lastKnownFileType = sourcecode.swift; path = TableViewCell.swift; sourceTree = "<group>"; };
		1F5484951DFBE30000110E7B /* GoogleService-Info.plist */ = {isa = PBXFileReference; fileEncoding = 4; lastKnownFileType = text.plist.xml; path = "GoogleService-Info.plist"; sourceTree = "<group>"; };
		1F5BF7791DEE2D2000C1470B /* SearchViewController.swift */ = {isa = PBXFileReference; fileEncoding = 4; lastKnownFileType = sourcecode.swift; path = SearchViewController.swift; sourceTree = "<group>"; };
		1F5BF77B1DEE4E7D00C1470B /* User.swift */ = {isa = PBXFileReference; fileEncoding = 4; lastKnownFileType = sourcecode.swift; path = User.swift; sourceTree = "<group>"; };
		1FD780ED1DF28288007A8006 /* UserProfileViewController.swift */ = {isa = PBXFileReference; fileEncoding = 4; lastKnownFileType = sourcecode.swift; path = UserProfileViewController.swift; sourceTree = "<group>"; };
		1FE3EB831E00D20700B08841 /* ChatViewController.swift */ = {isa = PBXFileReference; fileEncoding = 4; lastKnownFileType = sourcecode.swift; path = ChatViewController.swift; sourceTree = "<group>"; };
		1FE3EB851E00D7E000B08841 /* Constants.swift */ = {isa = PBXFileReference; fileEncoding = 4; lastKnownFileType = sourcecode.swift; path = Constants.swift; sourceTree = "<group>"; };
		1FE3EB871E00D85000B08841 /* AppState.swift */ = {isa = PBXFileReference; fileEncoding = 4; lastKnownFileType = sourcecode.swift; path = AppState.swift; sourceTree = "<group>"; };
		5FEBB8F6A6306248D8595F40 /* Pods-Olympiad_Swift.release.xcconfig */ = {isa = PBXFileReference; includeInIndex = 1; lastKnownFileType = text.xcconfig; name = "Pods-Olympiad_Swift.release.xcconfig"; path = "Pods/Target Support Files/Pods-Olympiad_Swift/Pods-Olympiad_Swift.release.xcconfig"; sourceTree = "<group>"; };
		7A86E72A29090606BE4E075E /* Pods_Olympiad_Swift.framework */ = {isa = PBXFileReference; explicitFileType = wrapper.framework; includeInIndex = 0; path = Pods_Olympiad_Swift.framework; sourceTree = BUILT_PRODUCTS_DIR; };
		B045DD251DFB8F0300E15F13 /* RegisterAViewController.swift */ = {isa = PBXFileReference; fileEncoding = 4; lastKnownFileType = sourcecode.swift; path = RegisterAViewController.swift; sourceTree = "<group>"; };
		B045DD271DFB8F1F00E15F13 /* RegisterBViewController.swift */ = {isa = PBXFileReference; fileEncoding = 4; lastKnownFileType = sourcecode.swift; path = RegisterBViewController.swift; sourceTree = "<group>"; };
		B045DD291DFBADCE00E15F13 /* app_background.png */ = {isa = PBXFileReference; lastKnownFileType = image.png; path = app_background.png; sourceTree = "<group>"; };
		B045DD2A1DFBADCE00E15F13 /* app_logo.png */ = {isa = PBXFileReference; lastKnownFileType = image.png; path = app_logo.png; sourceTree = "<group>"; };
		B045DD2D1DFCC29F00E15F13 /* CoreLocation.framework */ = {isa = PBXFileReference; lastKnownFileType = wrapper.framework; name = CoreLocation.framework; path = System/Library/Frameworks/CoreLocation.framework; sourceTree = SDKROOT; };
		B09606761DFE5E780062B75F /* Main.storyboard */ = {isa = PBXFileReference; fileEncoding = 4; lastKnownFileType = file.storyboard; path = Main.storyboard; sourceTree = "<group>"; };
		B0E2F0A41DEA9F9500D4E5A3 /* Olympiad_SwiftTests.xctest */ = {isa = PBXFileReference; explicitFileType = wrapper.cfbundle; includeInIndex = 0; path = Olympiad_SwiftTests.xctest; sourceTree = BUILT_PRODUCTS_DIR; };
		B0E2F0A61DEA9F9600D4E5A3 /* Olympiad_SwiftTests.swift */ = {isa = PBXFileReference; lastKnownFileType = sourcecode.swift; path = Olympiad_SwiftTests.swift; sourceTree = "<group>"; };
		B0E2F0A81DEA9F9600D4E5A3 /* Info.plist */ = {isa = PBXFileReference; lastKnownFileType = text.plist.xml; path = Info.plist; sourceTree = "<group>"; };
		B0E2F0B21DEA9F9E00D4E5A3 /* Olympiad_SwiftUITests.xctest */ = {isa = PBXFileReference; explicitFileType = wrapper.cfbundle; includeInIndex = 0; path = Olympiad_SwiftUITests.xctest; sourceTree = BUILT_PRODUCTS_DIR; };
		B0E2F0B41DEA9F9E00D4E5A3 /* Olympiad_SwiftUITests.swift */ = {isa = PBXFileReference; lastKnownFileType = sourcecode.swift; path = Olympiad_SwiftUITests.swift; sourceTree = "<group>"; };
		B0E2F0B61DEA9F9E00D4E5A3 /* Info.plist */ = {isa = PBXFileReference; lastKnownFileType = text.plist.xml; path = Info.plist; sourceTree = "<group>"; };
		B0F5DCC61DE51E04001A18D3 /* EditAViewController.swift */ = {isa = PBXFileReference; fileEncoding = 4; lastKnownFileType = sourcecode.swift; path = EditAViewController.swift; sourceTree = "<group>"; };
		B0F5DCC81DE51E2A001A18D3 /* EditBViewController.swift */ = {isa = PBXFileReference; fileEncoding = 4; lastKnownFileType = sourcecode.swift; path = EditBViewController.swift; sourceTree = "<group>"; };
		B0F5DCCA1DE51E38001A18D3 /* ProfileViewController.swift */ = {isa = PBXFileReference; fileEncoding = 4; lastKnownFileType = sourcecode.swift; path = ProfileViewController.swift; sourceTree = "<group>"; };
/* End PBXFileReference section */

/* Begin PBXFrameworksBuildPhase section */
		1F0275341DCEA8260037D5A1 /* Frameworks */ = {
			isa = PBXFrameworksBuildPhase;
			buildActionMask = 2147483647;
			files = (
				B045DD2E1DFCC29F00E15F13 /* CoreLocation.framework in Frameworks */,
				7E3A391E65B9A2DD7F6CFBCE /* Pods_Olympiad_Swift.framework in Frameworks */,
			);
			runOnlyForDeploymentPostprocessing = 0;
		};
		B0E2F0A11DEA9F9500D4E5A3 /* Frameworks */ = {
			isa = PBXFrameworksBuildPhase;
			buildActionMask = 2147483647;
			files = (
			);
			runOnlyForDeploymentPostprocessing = 0;
		};
		B0E2F0AF1DEA9F9E00D4E5A3 /* Frameworks */ = {
			isa = PBXFrameworksBuildPhase;
			buildActionMask = 2147483647;
			files = (
			);
			runOnlyForDeploymentPostprocessing = 0;
		};
/* End PBXFrameworksBuildPhase section */

/* Begin PBXGroup section */
		1F02752E1DCEA8260037D5A1 = {
			isa = PBXGroup;
			children = (
				1F0275391DCEA8260037D5A1 /* Olympiad_Swift */,
				B0E2F0A51DEA9F9600D4E5A3 /* Olympiad_SwiftTests */,
				B0E2F0B31DEA9F9E00D4E5A3 /* Olympiad_SwiftUITests */,
				1F0275381DCEA8260037D5A1 /* Products */,
				AFD357A93AE9F62AB9446645 /* Pods */,
				AF5E36BE6198C32258B614B5 /* Frameworks */,
			);
			sourceTree = "<group>";
		};
		1F0275381DCEA8260037D5A1 /* Products */ = {
			isa = PBXGroup;
			children = (
				1F0275371DCEA8260037D5A1 /* Olympiad_Swift.app */,
				B0E2F0A41DEA9F9500D4E5A3 /* Olympiad_SwiftTests.xctest */,
				B0E2F0B21DEA9F9E00D4E5A3 /* Olympiad_SwiftUITests.xctest */,
			);
			name = Products;
			sourceTree = "<group>";
		};
		1F0275391DCEA8260037D5A1 /* Olympiad_Swift */ = {
			isa = PBXGroup;
			children = (
				1F365A8B1DD421BA00BE2FFC /* Olympiad_Swift.entitlements */,
				1F02753A1DCEA8260037D5A1 /* AppDelegate.swift */,
				1F02753C1DCEA8260037D5A1 /* ViewController.swift */,
				B0F5DCC61DE51E04001A18D3 /* EditAViewController.swift */,
				B045DD251DFB8F0300E15F13 /* RegisterAViewController.swift */,
				B045DD271DFB8F1F00E15F13 /* RegisterBViewController.swift */,
				B0F5DCC81DE51E2A001A18D3 /* EditBViewController.swift */,
				B0F5DCCA1DE51E38001A18D3 /* ProfileViewController.swift */,
				1F4FF6E61DED506600AB949A /* PlaceViewController.swift */,
				1F5BF7791DEE2D2000C1470B /* SearchViewController.swift */,
				1FD780ED1DF28288007A8006 /* UserProfileViewController.swift */,
				1F5083411DEFEC0700FE3104 /* TableViewCell.swift */,
				1FE3EB831E00D20700B08841 /* ChatViewController.swift */,
				1F5BF77B1DEE4E7D00C1470B /* User.swift */,
				1FE3EB851E00D7E000B08841 /* Constants.swift */,
				1FE3EB871E00D85000B08841 /* AppState.swift */,
				B09606761DFE5E780062B75F /* Main.storyboard */,
				1F0275441DCEA8260037D5A1 /* Assets.xcassets */,
				1F0275461DCEA8260037D5A1 /* LaunchScreen.storyboard */,
				1F0275491DCEA8260037D5A1 /* Info.plist */,
				1F5484951DFBE30000110E7B /* GoogleService-Info.plist */,
				1F0275411DCEA8260037D5A1 /* Olympiad_Swift.xcdatamodeld */,
				B045DD291DFBADCE00E15F13 /* app_background.png */,
				B045DD2A1DFBADCE00E15F13 /* app_logo.png */,
			);
			path = Olympiad_Swift;
			sourceTree = "<group>";
		};
		AF5E36BE6198C32258B614B5 /* Frameworks */ = {
			isa = PBXGroup;
			children = (
				B045DD2D1DFCC29F00E15F13 /* CoreLocation.framework */,
				7A86E72A29090606BE4E075E /* Pods_Olympiad_Swift.framework */,
			);
			name = Frameworks;
			sourceTree = "<group>";
		};
		AFD357A93AE9F62AB9446645 /* Pods */ = {
			isa = PBXGroup;
			children = (
				00BCA9E4830CBA8F5F07957F /* Pods-Olympiad_Swift.debug.xcconfig */,
				5FEBB8F6A6306248D8595F40 /* Pods-Olympiad_Swift.release.xcconfig */,
			);
			name = Pods;
			sourceTree = "<group>";
		};
		B0E2F0A51DEA9F9600D4E5A3 /* Olympiad_SwiftTests */ = {
			isa = PBXGroup;
			children = (
				B0E2F0A61DEA9F9600D4E5A3 /* Olympiad_SwiftTests.swift */,
				B0E2F0A81DEA9F9600D4E5A3 /* Info.plist */,
			);
			path = Olympiad_SwiftTests;
			sourceTree = "<group>";
		};
		B0E2F0B31DEA9F9E00D4E5A3 /* Olympiad_SwiftUITests */ = {
			isa = PBXGroup;
			children = (
				B0E2F0B41DEA9F9E00D4E5A3 /* Olympiad_SwiftUITests.swift */,
				B0E2F0B61DEA9F9E00D4E5A3 /* Info.plist */,
			);
			path = Olympiad_SwiftUITests;
			sourceTree = "<group>";
		};
/* End PBXGroup section */

/* Begin PBXNativeTarget section */
		1F0275361DCEA8260037D5A1 /* Olympiad_Swift */ = {
			isa = PBXNativeTarget;
			buildConfigurationList = 1F0275621DCEA8260037D5A1 /* Build configuration list for PBXNativeTarget "Olympiad_Swift" */;
			buildPhases = (
				0AB0C9F8C74C3F45AF31EF0A /* 📦 Check Pods Manifest.lock */,
				B865CE1DA6BDEAEBDDA8DB2A /* [CP] Check Pods Manifest.lock */,
				1F0275331DCEA8260037D5A1 /* Sources */,
				1F0275341DCEA8260037D5A1 /* Frameworks */,
				1F0275351DCEA8260037D5A1 /* Resources */,
				BEB2C74483EB743C63172659 /* [CP] Embed Pods Frameworks */,
				D442F7A009D2A97945E096CF /* [CP] Copy Pods Resources */,
				895976CBB0AAC81F5CF45ED5 /* 📦 Embed Pods Frameworks */,
				7B6F677C7FB5025CF8E6AED9 /* 📦 Copy Pods Resources */,
			);
			buildRules = (
			);
			dependencies = (
			);
			name = Olympiad_Swift;
			productName = Olympiad_Swift;
			productReference = 1F0275371DCEA8260037D5A1 /* Olympiad_Swift.app */;
			productType = "com.apple.product-type.application";
		};
		B0E2F0A31DEA9F9500D4E5A3 /* Olympiad_SwiftTests */ = {
			isa = PBXNativeTarget;
			buildConfigurationList = B0E2F0AB1DEA9F9600D4E5A3 /* Build configuration list for PBXNativeTarget "Olympiad_SwiftTests" */;
			buildPhases = (
				B0E2F0A01DEA9F9500D4E5A3 /* Sources */,
				B0E2F0A11DEA9F9500D4E5A3 /* Frameworks */,
				B0E2F0A21DEA9F9500D4E5A3 /* Resources */,
			);
			buildRules = (
			);
			dependencies = (
				B0E2F0AA1DEA9F9600D4E5A3 /* PBXTargetDependency */,
			);
			name = Olympiad_SwiftTests;
			productName = Olympiad_SwiftTests;
			productReference = B0E2F0A41DEA9F9500D4E5A3 /* Olympiad_SwiftTests.xctest */;
			productType = "com.apple.product-type.bundle.unit-test";
		};
		B0E2F0B11DEA9F9E00D4E5A3 /* Olympiad_SwiftUITests */ = {
			isa = PBXNativeTarget;
			buildConfigurationList = B0E2F0B91DEA9F9E00D4E5A3 /* Build configuration list for PBXNativeTarget "Olympiad_SwiftUITests" */;
			buildPhases = (
				B0E2F0AE1DEA9F9E00D4E5A3 /* Sources */,
				B0E2F0AF1DEA9F9E00D4E5A3 /* Frameworks */,
				B0E2F0B01DEA9F9E00D4E5A3 /* Resources */,
			);
			buildRules = (
			);
			dependencies = (
				B0E2F0B81DEA9F9E00D4E5A3 /* PBXTargetDependency */,
			);
			name = Olympiad_SwiftUITests;
			productName = Olympiad_SwiftUITests;
			productReference = B0E2F0B21DEA9F9E00D4E5A3 /* Olympiad_SwiftUITests.xctest */;
			productType = "com.apple.product-type.bundle.ui-testing";
		};
/* End PBXNativeTarget section */

/* Begin PBXProject section */
		1F02752F1DCEA8260037D5A1 /* Project object */ = {
			isa = PBXProject;
			attributes = {
				LastSwiftUpdateCheck = 0810;
				LastUpgradeCheck = 0810;
				ORGANIZATIONNAME = UpscaleApps;
				TargetAttributes = {
					1F0275361DCEA8260037D5A1 = {
						CreatedOnToolsVersion = 8.1;
						DevelopmentTeam = 473SHKFLJ4;
						ProvisioningStyle = Automatic;
						SystemCapabilities = {
							com.apple.Keychain = {
								enabled = 1;
							};
						};
					};
					B0E2F0A31DEA9F9500D4E5A3 = {
						CreatedOnToolsVersion = 8.1;
						DevelopmentTeam = SSZA2FVX6P;
						ProvisioningStyle = Automatic;
						TestTargetID = 1F0275361DCEA8260037D5A1;
					};
					B0E2F0B11DEA9F9E00D4E5A3 = {
						CreatedOnToolsVersion = 8.1;
						DevelopmentTeam = SSZA2FVX6P;
						ProvisioningStyle = Automatic;
						TestTargetID = 1F0275361DCEA8260037D5A1;
					};
				};
			};
			buildConfigurationList = 1F0275321DCEA8260037D5A1 /* Build configuration list for PBXProject "Olympiad_Swift" */;
			compatibilityVersion = "Xcode 3.2";
			developmentRegion = English;
			hasScannedForEncodings = 0;
			knownRegions = (
				en,
				Base,
			);
			mainGroup = 1F02752E1DCEA8260037D5A1;
			productRefGroup = 1F0275381DCEA8260037D5A1 /* Products */;
			projectDirPath = "";
			projectRoot = "";
			targets = (
				1F0275361DCEA8260037D5A1 /* Olympiad_Swift */,
				B0E2F0A31DEA9F9500D4E5A3 /* Olympiad_SwiftTests */,
				B0E2F0B11DEA9F9E00D4E5A3 /* Olympiad_SwiftUITests */,
			);
		};
/* End PBXProject section */

/* Begin PBXResourcesBuildPhase section */
		1F0275351DCEA8260037D5A1 /* Resources */ = {
			isa = PBXResourcesBuildPhase;
			buildActionMask = 2147483647;
			files = (
				B09606771DFE5E780062B75F /* Main.storyboard in Resources */,
				1F0275481DCEA8260037D5A1 /* LaunchScreen.storyboard in Resources */,
				1F0275451DCEA8260037D5A1 /* Assets.xcassets in Resources */,
				B045DD2C1DFBADCE00E15F13 /* app_logo.png in Resources */,
				B045DD2B1DFBADCE00E15F13 /* app_background.png in Resources */,
				1F5484961DFBE30000110E7B /* GoogleService-Info.plist in Resources */,
			);
			runOnlyForDeploymentPostprocessing = 0;
		};
		B0E2F0A21DEA9F9500D4E5A3 /* Resources */ = {
			isa = PBXResourcesBuildPhase;
			buildActionMask = 2147483647;
			files = (
			);
			runOnlyForDeploymentPostprocessing = 0;
		};
		B0E2F0B01DEA9F9E00D4E5A3 /* Resources */ = {
			isa = PBXResourcesBuildPhase;
			buildActionMask = 2147483647;
			files = (
			);
			runOnlyForDeploymentPostprocessing = 0;
		};
/* End PBXResourcesBuildPhase section */

/* Begin PBXShellScriptBuildPhase section */
		0AB0C9F8C74C3F45AF31EF0A /* 📦 Check Pods Manifest.lock */ = {
			isa = PBXShellScriptBuildPhase;
			buildActionMask = 2147483647;
			files = (
			);
			inputPaths = (
			);
			name = "📦 Check Pods Manifest.lock";
			outputPaths = (
			);
			runOnlyForDeploymentPostprocessing = 0;
			shellPath = /bin/sh;
			shellScript = "diff \"${PODS_ROOT}/../Podfile.lock\" \"${PODS_ROOT}/Manifest.lock\" > /dev/null\nif [[ $? != 0 ]] ; then\n    cat << EOM\nerror: The sandbox is not in sync with the Podfile.lock. Run 'pod install' or update your CocoaPods installation.\nEOM\n    exit 1\nfi\n";
			showEnvVarsInLog = 0;
		};
		7B6F677C7FB5025CF8E6AED9 /* 📦 Copy Pods Resources */ = {
			isa = PBXShellScriptBuildPhase;
			buildActionMask = 2147483647;
			files = (
			);
			inputPaths = (
			);
			name = "📦 Copy Pods Resources";
			outputPaths = (
			);
			runOnlyForDeploymentPostprocessing = 0;
			shellPath = /bin/sh;
			shellScript = "\"${SRCROOT}/Pods/Target Support Files/Pods-Olympiad_Swift/Pods-Olympiad_Swift-resources.sh\"\n";
			showEnvVarsInLog = 0;
		};
		895976CBB0AAC81F5CF45ED5 /* 📦 Embed Pods Frameworks */ = {
			isa = PBXShellScriptBuildPhase;
			buildActionMask = 2147483647;
			files = (
			);
			inputPaths = (
			);
			name = "📦 Embed Pods Frameworks";
			outputPaths = (
			);
			runOnlyForDeploymentPostprocessing = 0;
			shellPath = /bin/sh;
			shellScript = "\"${SRCROOT}/Pods/Target Support Files/Pods-Olympiad_Swift/Pods-Olympiad_Swift-frameworks.sh\"\n";
			showEnvVarsInLog = 0;
		};
		B865CE1DA6BDEAEBDDA8DB2A /* [CP] Check Pods Manifest.lock */ = {
			isa = PBXShellScriptBuildPhase;
			buildActionMask = 2147483647;
			files = (
			);
			inputPaths = (
			);
			name = "[CP] Check Pods Manifest.lock";
			outputPaths = (
			);
			runOnlyForDeploymentPostprocessing = 0;
			shellPath = /bin/sh;
			shellScript = "diff \"${PODS_ROOT}/../Podfile.lock\" \"${PODS_ROOT}/Manifest.lock\" > /dev/null\nif [[ $? != 0 ]] ; then\n    cat << EOM\nerror: The sandbox is not in sync with the Podfile.lock. Run 'pod install' or update your CocoaPods installation.\nEOM\n    exit 1\nfi\n";
			showEnvVarsInLog = 0;
		};
		BEB2C74483EB743C63172659 /* [CP] Embed Pods Frameworks */ = {
			isa = PBXShellScriptBuildPhase;
			buildActionMask = 2147483647;
			files = (
			);
			inputPaths = (
			);
			name = "[CP] Embed Pods Frameworks";
			outputPaths = (
			);
			runOnlyForDeploymentPostprocessing = 0;
			shellPath = /bin/sh;
			shellScript = "\"${SRCROOT}/Pods/Target Support Files/Pods-Olympiad_Swift/Pods-Olympiad_Swift-frameworks.sh\"\n";
			showEnvVarsInLog = 0;
		};
		D442F7A009D2A97945E096CF /* [CP] Copy Pods Resources */ = {
			isa = PBXShellScriptBuildPhase;
			buildActionMask = 2147483647;
			files = (
			);
			inputPaths = (
			);
			name = "[CP] Copy Pods Resources";
			outputPaths = (
			);
			runOnlyForDeploymentPostprocessing = 0;
			shellPath = /bin/sh;
			shellScript = "\"${SRCROOT}/Pods/Target Support Files/Pods-Olympiad_Swift/Pods-Olympiad_Swift-resources.sh\"\n";
			showEnvVarsInLog = 0;
		};
/* End PBXShellScriptBuildPhase section */

/* Begin PBXSourcesBuildPhase section */
		1F0275331DCEA8260037D5A1 /* Sources */ = {
			isa = PBXSourcesBuildPhase;
			buildActionMask = 2147483647;
			files = (
				B0F5DCCB1DE51E38001A18D3 /* ProfileViewController.swift in Sources */,
				B0F5DCC91DE51E2A001A18D3 /* EditBViewController.swift in Sources */,
				1F5BF77A1DEE2D2000C1470B /* SearchViewController.swift in Sources */,
				B045DD281DFB8F1F00E15F13 /* RegisterBViewController.swift in Sources */,
				B0F5DCC71DE51E05001A18D3 /* EditAViewController.swift in Sources */,
				1F4FF6E71DED506600AB949A /* PlaceViewController.swift in Sources */,
				1FE3EB861E00D7E000B08841 /* Constants.swift in Sources */,
				1F5083431DEFEC0700FE3104 /* TableViewCell.swift in Sources */,
				1F5BF77C1DEE4E7D00C1470B /* User.swift in Sources */,
				B045DD261DFB8F0300E15F13 /* RegisterAViewController.swift in Sources */,
				1F02753D1DCEA8260037D5A1 /* ViewController.swift in Sources */,
				1F0275431DCEA8260037D5A1 /* Olympiad_Swift.xcdatamodeld in Sources */,
				1FE3EB881E00D85000B08841 /* AppState.swift in Sources */,
				1FD780EE1DF28288007A8006 /* UserProfileViewController.swift in Sources */,
				1FE3EB841E00D20700B08841 /* ChatViewController.swift in Sources */,
				1F02753B1DCEA8260037D5A1 /* AppDelegate.swift in Sources */,
			);
			runOnlyForDeploymentPostprocessing = 0;
		};
		B0E2F0A01DEA9F9500D4E5A3 /* Sources */ = {
			isa = PBXSourcesBuildPhase;
			buildActionMask = 2147483647;
			files = (
				B0E2F0A71DEA9F9600D4E5A3 /* Olympiad_SwiftTests.swift in Sources */,
			);
			runOnlyForDeploymentPostprocessing = 0;
		};
		B0E2F0AE1DEA9F9E00D4E5A3 /* Sources */ = {
			isa = PBXSourcesBuildPhase;
			buildActionMask = 2147483647;
			files = (
				B0E2F0B51DEA9F9E00D4E5A3 /* Olympiad_SwiftUITests.swift in Sources */,
			);
			runOnlyForDeploymentPostprocessing = 0;
		};
/* End PBXSourcesBuildPhase section */

/* Begin PBXTargetDependency section */
		B0E2F0AA1DEA9F9600D4E5A3 /* PBXTargetDependency */ = {
			isa = PBXTargetDependency;
			target = 1F0275361DCEA8260037D5A1 /* Olympiad_Swift */;
			targetProxy = B0E2F0A91DEA9F9600D4E5A3 /* PBXContainerItemProxy */;
		};
		B0E2F0B81DEA9F9E00D4E5A3 /* PBXTargetDependency */ = {
			isa = PBXTargetDependency;
			target = 1F0275361DCEA8260037D5A1 /* Olympiad_Swift */;
			targetProxy = B0E2F0B71DEA9F9E00D4E5A3 /* PBXContainerItemProxy */;
		};
/* End PBXTargetDependency section */

/* Begin PBXVariantGroup section */
		1F0275461DCEA8260037D5A1 /* LaunchScreen.storyboard */ = {
			isa = PBXVariantGroup;
			children = (
				1F0275471DCEA8260037D5A1 /* Base */,
			);
			name = LaunchScreen.storyboard;
			sourceTree = "<group>";
		};
/* End PBXVariantGroup section */

/* Begin XCBuildConfiguration section */
		1F0275601DCEA8260037D5A1 /* Debug */ = {
			isa = XCBuildConfiguration;
			buildSettings = {
				ALWAYS_SEARCH_USER_PATHS = NO;
				CLANG_ANALYZER_NONNULL = YES;
				CLANG_CXX_LANGUAGE_STANDARD = "gnu++0x";
				CLANG_CXX_LIBRARY = "libc++";
				CLANG_ENABLE_MODULES = YES;
				CLANG_ENABLE_OBJC_ARC = YES;
				CLANG_WARN_BOOL_CONVERSION = YES;
				CLANG_WARN_CONSTANT_CONVERSION = YES;
				CLANG_WARN_DIRECT_OBJC_ISA_USAGE = YES_ERROR;
				CLANG_WARN_DOCUMENTATION_COMMENTS = YES;
				CLANG_WARN_EMPTY_BODY = YES;
				CLANG_WARN_ENUM_CONVERSION = YES;
				CLANG_WARN_INFINITE_RECURSION = YES;
				CLANG_WARN_INT_CONVERSION = YES;
				CLANG_WARN_OBJC_ROOT_CLASS = YES_ERROR;
				CLANG_WARN_SUSPICIOUS_MOVE = YES;
				CLANG_WARN_SUSPICIOUS_MOVES = YES;
				CLANG_WARN_UNREACHABLE_CODE = YES;
				CLANG_WARN__DUPLICATE_METHOD_MATCH = YES;
				"CODE_SIGN_IDENTITY[sdk=iphoneos*]" = "iPhone Developer";
				COPY_PHASE_STRIP = NO;
				DEBUG_INFORMATION_FORMAT = dwarf;
				ENABLE_STRICT_OBJC_MSGSEND = YES;
				ENABLE_TESTABILITY = YES;
				GCC_C_LANGUAGE_STANDARD = gnu99;
				GCC_DYNAMIC_NO_PIC = NO;
				GCC_NO_COMMON_BLOCKS = YES;
				GCC_OPTIMIZATION_LEVEL = 0;
				GCC_PREPROCESSOR_DEFINITIONS = (
					"DEBUG=1",
					"$(inherited)",
				);
				GCC_WARN_64_TO_32_BIT_CONVERSION = YES;
				GCC_WARN_ABOUT_RETURN_TYPE = YES_ERROR;
				GCC_WARN_UNDECLARED_SELECTOR = YES;
				GCC_WARN_UNINITIALIZED_AUTOS = YES_AGGRESSIVE;
				GCC_WARN_UNUSED_FUNCTION = YES;
				GCC_WARN_UNUSED_VARIABLE = YES;
				IPHONEOS_DEPLOYMENT_TARGET = 10.1;
				MTL_ENABLE_DEBUG_INFO = YES;
				ONLY_ACTIVE_ARCH = YES;
				SDKROOT = iphoneos;
				SWIFT_ACTIVE_COMPILATION_CONDITIONS = DEBUG;
				SWIFT_OPTIMIZATION_LEVEL = "-Onone";
			};
			name = Debug;
		};
		1F0275611DCEA8260037D5A1 /* Release */ = {
			isa = XCBuildConfiguration;
			buildSettings = {
				ALWAYS_SEARCH_USER_PATHS = NO;
				CLANG_ANALYZER_NONNULL = YES;
				CLANG_CXX_LANGUAGE_STANDARD = "gnu++0x";
				CLANG_CXX_LIBRARY = "libc++";
				CLANG_ENABLE_MODULES = YES;
				CLANG_ENABLE_OBJC_ARC = YES;
				CLANG_WARN_BOOL_CONVERSION = YES;
				CLANG_WARN_CONSTANT_CONVERSION = YES;
				CLANG_WARN_DIRECT_OBJC_ISA_USAGE = YES_ERROR;
				CLANG_WARN_DOCUMENTATION_COMMENTS = YES;
				CLANG_WARN_EMPTY_BODY = YES;
				CLANG_WARN_ENUM_CONVERSION = YES;
				CLANG_WARN_INFINITE_RECURSION = YES;
				CLANG_WARN_INT_CONVERSION = YES;
				CLANG_WARN_OBJC_ROOT_CLASS = YES_ERROR;
				CLANG_WARN_SUSPICIOUS_MOVE = YES;
				CLANG_WARN_SUSPICIOUS_MOVES = YES;
				CLANG_WARN_UNREACHABLE_CODE = YES;
				CLANG_WARN__DUPLICATE_METHOD_MATCH = YES;
				"CODE_SIGN_IDENTITY[sdk=iphoneos*]" = "iPhone Developer";
				COPY_PHASE_STRIP = NO;
				DEBUG_INFORMATION_FORMAT = "dwarf-with-dsym";
				ENABLE_NS_ASSERTIONS = NO;
				ENABLE_STRICT_OBJC_MSGSEND = YES;
				GCC_C_LANGUAGE_STANDARD = gnu99;
				GCC_NO_COMMON_BLOCKS = YES;
				GCC_WARN_64_TO_32_BIT_CONVERSION = YES;
				GCC_WARN_ABOUT_RETURN_TYPE = YES_ERROR;
				GCC_WARN_UNDECLARED_SELECTOR = YES;
				GCC_WARN_UNINITIALIZED_AUTOS = YES_AGGRESSIVE;
				GCC_WARN_UNUSED_FUNCTION = YES;
				GCC_WARN_UNUSED_VARIABLE = YES;
				IPHONEOS_DEPLOYMENT_TARGET = 10.1;
				MTL_ENABLE_DEBUG_INFO = NO;
				SDKROOT = iphoneos;
				SWIFT_OPTIMIZATION_LEVEL = "-Owholemodule";
				VALIDATE_PRODUCT = YES;
			};
			name = Release;
		};
		1F0275631DCEA8260037D5A1 /* Debug */ = {
			isa = XCBuildConfiguration;
			baseConfigurationReference = 00BCA9E4830CBA8F5F07957F /* Pods-Olympiad_Swift.debug.xcconfig */;
			buildSettings = {
				ASSETCATALOG_COMPILER_APPICON_NAME = AppIcon;
				CODE_SIGN_ENTITLEMENTS = Olympiad_Swift/Olympiad_Swift.entitlements;
				DEVELOPMENT_TEAM = 473SHKFLJ4;
				INFOPLIST_FILE = Olympiad_Swift/Info.plist;
				IPHONEOS_DEPLOYMENT_TARGET = 10.1;
				LD_RUNPATH_SEARCH_PATHS = "$(inherited) @executable_path/Frameworks";
				PRODUCT_BUNDLE_IDENTIFIER = "com.UpscaleApps.Olympiad-Swift";
				PRODUCT_NAME = "$(TARGET_NAME)";
				SWIFT_VERSION = 3.0;
			};
			name = Debug;
		};
		1F0275641DCEA8260037D5A1 /* Release */ = {
			isa = XCBuildConfiguration;
			baseConfigurationReference = 5FEBB8F6A6306248D8595F40 /* Pods-Olympiad_Swift.release.xcconfig */;
			buildSettings = {
				ASSETCATALOG_COMPILER_APPICON_NAME = AppIcon;
				CODE_SIGN_ENTITLEMENTS = Olympiad_Swift/Olympiad_Swift.entitlements;
				DEVELOPMENT_TEAM = 473SHKFLJ4;
				INFOPLIST_FILE = Olympiad_Swift/Info.plist;
				IPHONEOS_DEPLOYMENT_TARGET = 10.1;
				LD_RUNPATH_SEARCH_PATHS = "$(inherited) @executable_path/Frameworks";
				PRODUCT_BUNDLE_IDENTIFIER = "com.UpscaleApps.Olympiad-Swift";
				PRODUCT_NAME = "$(TARGET_NAME)";
				SWIFT_VERSION = 3.0;
			};
			name = Release;
		};
		B0E2F0AC1DEA9F9600D4E5A3 /* Debug */ = {
			isa = XCBuildConfiguration;
			buildSettings = {
				BUNDLE_LOADER = "$(TEST_HOST)";
				DEVELOPMENT_TEAM = SSZA2FVX6P;
				INFOPLIST_FILE = Olympiad_SwiftTests/Info.plist;
				LD_RUNPATH_SEARCH_PATHS = "$(inherited) @executable_path/Frameworks @loader_path/Frameworks";
				PRODUCT_BUNDLE_IDENTIFIER = "com.sandbaks.Olympiad-SwiftTests";
				PRODUCT_NAME = "$(TARGET_NAME)";
				SWIFT_VERSION = 3.0;
				TEST_HOST = "$(BUILT_PRODUCTS_DIR)/Olympiad_Swift.app/Olympiad_Swift";
			};
			name = Debug;
		};
		B0E2F0AD1DEA9F9600D4E5A3 /* Release */ = {
			isa = XCBuildConfiguration;
			buildSettings = {
				BUNDLE_LOADER = "$(TEST_HOST)";
				DEVELOPMENT_TEAM = SSZA2FVX6P;
				INFOPLIST_FILE = Olympiad_SwiftTests/Info.plist;
				LD_RUNPATH_SEARCH_PATHS = "$(inherited) @executable_path/Frameworks @loader_path/Frameworks";
				PRODUCT_BUNDLE_IDENTIFIER = "com.sandbaks.Olympiad-SwiftTests";
				PRODUCT_NAME = "$(TARGET_NAME)";
				SWIFT_VERSION = 3.0;
				TEST_HOST = "$(BUILT_PRODUCTS_DIR)/Olympiad_Swift.app/Olympiad_Swift";
			};
			name = Release;
		};
		B0E2F0BA1DEA9F9E00D4E5A3 /* Debug */ = {
			isa = XCBuildConfiguration;
			buildSettings = {
				DEVELOPMENT_TEAM = SSZA2FVX6P;
				INFOPLIST_FILE = Olympiad_SwiftUITests/Info.plist;
				LD_RUNPATH_SEARCH_PATHS = "$(inherited) @executable_path/Frameworks @loader_path/Frameworks";
				PRODUCT_BUNDLE_IDENTIFIER = "com.sandbaks.Olympiad-SwiftUITests";
				PRODUCT_NAME = "$(TARGET_NAME)";
				SWIFT_VERSION = 3.0;
				TEST_TARGET_NAME = Olympiad_Swift;
			};
			name = Debug;
		};
		B0E2F0BB1DEA9F9E00D4E5A3 /* Release */ = {
			isa = XCBuildConfiguration;
			buildSettings = {
				DEVELOPMENT_TEAM = SSZA2FVX6P;
				INFOPLIST_FILE = Olympiad_SwiftUITests/Info.plist;
				LD_RUNPATH_SEARCH_PATHS = "$(inherited) @executable_path/Frameworks @loader_path/Frameworks";
				PRODUCT_BUNDLE_IDENTIFIER = "com.sandbaks.Olympiad-SwiftUITests";
				PRODUCT_NAME = "$(TARGET_NAME)";
				SWIFT_VERSION = 3.0;
				TEST_TARGET_NAME = Olympiad_Swift;
			};
			name = Release;
		};
/* End XCBuildConfiguration section */

/* Begin XCConfigurationList section */
		1F0275321DCEA8260037D5A1 /* Build configuration list for PBXProject "Olympiad_Swift" */ = {
			isa = XCConfigurationList;
			buildConfigurations = (
				1F0275601DCEA8260037D5A1 /* Debug */,
				1F0275611DCEA8260037D5A1 /* Release */,
			);
			defaultConfigurationIsVisible = 0;
			defaultConfigurationName = Release;
		};
		1F0275621DCEA8260037D5A1 /* Build configuration list for PBXNativeTarget "Olympiad_Swift" */ = {
			isa = XCConfigurationList;
			buildConfigurations = (
				1F0275631DCEA8260037D5A1 /* Debug */,
				1F0275641DCEA8260037D5A1 /* Release */,
			);
			defaultConfigurationIsVisible = 0;
			defaultConfigurationName = Release;
		};
		B0E2F0AB1DEA9F9600D4E5A3 /* Build configuration list for PBXNativeTarget "Olympiad_SwiftTests" */ = {
			isa = XCConfigurationList;
			buildConfigurations = (
				B0E2F0AC1DEA9F9600D4E5A3 /* Debug */,
				B0E2F0AD1DEA9F9600D4E5A3 /* Release */,
			);
			defaultConfigurationIsVisible = 0;
			defaultConfigurationName = Release;
		};
		B0E2F0B91DEA9F9E00D4E5A3 /* Build configuration list for PBXNativeTarget "Olympiad_SwiftUITests" */ = {
			isa = XCConfigurationList;
			buildConfigurations = (
				B0E2F0BA1DEA9F9E00D4E5A3 /* Debug */,
				B0E2F0BB1DEA9F9E00D4E5A3 /* Release */,
			);
			defaultConfigurationIsVisible = 0;
			defaultConfigurationName = Release;
		};
/* End XCConfigurationList section */

/* Begin XCVersionGroup section */
		1F0275411DCEA8260037D5A1 /* Olympiad_Swift.xcdatamodeld */ = {
			isa = XCVersionGroup;
			children = (
				1F0275421DCEA8260037D5A1 /* Olympiad_Swift.xcdatamodel */,
			);
			currentVersion = 1F0275421DCEA8260037D5A1 /* Olympiad_Swift.xcdatamodel */;
			path = Olympiad_Swift.xcdatamodeld;
			sourceTree = "<group>";
			versionGroupType = wrapper.xcdatamodel;
		};
/* End XCVersionGroup section */
	};
	rootObject = 1F02752F1DCEA8260037D5A1 /* Project object */;
}
